
Microsoft Visual Studio Solution File, Format Version 12.00
# Visual Studio Version 16
VisualStudioVersion = 16.0.31702.278
MinimumVisualStudioVersion = 10.0.40219.1
Project("{FAE04EC0-301F-11D3-BF4B-00C04F79EFBC}") = "BankATM", "BankATM.csproj", "{766BD506-FECD-4316-8535-4643F0642197}"
EndProject
Global
	GlobalSection(SolutionConfigurationPlatforms) = preSolution
		Debug|Any CPU = Debug|Any CPU
		Release|Any CPU = Release|Any CPU
	EndGlobalSection
	GlobalSection(ProjectConfigurationPlatforms) = postSolution
		{766BD506-FECD-4316-8535-4643F0642197}.Debug|Any CPU.ActiveCfg = Debug|Any CPU
		{766BD506-FECD-4316-8535-4643F0642197}.Debug|Any CPU.Build.0 = Debug|Any CPU
		{766BD506-FECD-4316-8535-4643F0642197}.Release|Any CPU.ActiveCfg = Release|Any CPU
		{766BD506-FECD-4316-8535-4643F0642197}.Release|Any CPU.Build.0 = Release|Any CPU
	EndGlobalSection
	GlobalSection(SolutionProperties) = preSolution
		HideSolutionNode = FALSE
	EndGlobalSection
	GlobalSection(ExtensibilityGlobals) = postSolution
		SolutionGuid = {EF4E013F-7208-4028-A466-76B2151D0E26}
	EndGlobalSection
EndGlobal
